
Microsoft Visual Studio Solution File, Format Version 12.00
# Visual Studio 2013
VisualStudioVersion = 12.0.30110.0
MinimumVisualStudioVersion = 10.0.40219.1
Project("{2150E333-8FDC-42A3-9474-1A3956D46DE8}") = ".nuget", ".nuget", "{E6888CBE-9427-4CA7-92F8-FEF36D241BF3}"
	ProjectSection(SolutionItems) = preProject
		.nuget\NuGet.Config = .nuget\NuGet.Config
		.nuget\NuGet.exe = .nuget\NuGet.exe
		.nuget\NuGet.targets = .nuget\NuGet.targets
	EndProjectSection
EndProject
Project("{2150E333-8FDC-42A3-9474-1A3956D46DE8}") = "Core", "Core", "{8F0CE610-83FE-4953-A147-1DAB7B8D0FC2}"
EndProject
Project("{FAE04EC0-301F-11D3-BF4B-00C04F79EFBC}") = "Goldfish", "Core\Goldfish\Goldfish.csproj", "{0759226A-DD1B-451C-9D94-33AF626F4279}"
EndProject
Project("{FAE04EC0-301F-11D3-BF4B-00C04F79EFBC}") = "Goldfish.Tests", "Core\Goldfish.Tests\Goldfish.Tests.csproj", "{BFA00318-9F5A-4855-BBC9-58DBA066314E}"
EndProject
Project("{2150E333-8FDC-42A3-9474-1A3956D46DE8}") = "Modules", "Modules", "{7EB19B6B-C598-4A7D-8DB1-65DA9F07D985}"
EndProject
Project("{FAE04EC0-301F-11D3-BF4B-00C04F79EFBC}") = "Goldfish.FilePoster", "Modules\Goldfish.FilePoster\Goldfish.FilePoster.csproj", "{CC2547CC-E0C6-4D3C-B747-B0349BEB2E87}"
EndProject
Project("{2150E333-8FDC-42A3-9474-1A3956D46DE8}") = ".docs", ".docs", "{EC396DD9-F568-4A68-987D-E4BA17FE1B19}"
EndProject
Project("{2150E333-8FDC-42A3-9474-1A3956D46DE8}") = "Api", "Api", "{24B573C7-AAFB-474E-A150-673E1ABAB3B9}"
	ProjectSection(SolutionItems) = preProject
		Docs\Api\ArchiveRepository.md = Docs\Api\ArchiveRepository.md
		Docs\Api\AuthorRepository.md = Docs\Api\AuthorRepository.md
		Docs\Api\CategoryRepository.md = Docs\Api\CategoryRepository.md
		Docs\Api\CommentRepository.md = Docs\Api\CommentRepository.md
		Docs\Api\ParamRepository.md = Docs\Api\ParamRepository.md
		Docs\Api\PostRepository.md = Docs\Api\PostRepository.md
		Docs\Api\Readme.md = Docs\Api\Readme.md
		Docs\Api\TagRepository.md = Docs\Api\TagRepository.md
	EndProjectSection
EndProject
Project("{2150E333-8FDC-42A3-9474-1A3956D46DE8}") = "Hooks", "Hooks", "{6CEA8D27-22A1-40FF-AE37-528C0073E1C2}"
	ProjectSection(SolutionItems) = preProject
		Docs\Hooks\App.md = Docs\Hooks\App.md
		Docs\Hooks\Blog.md = Docs\Hooks\Blog.md
	EndProjectSection
EndProject
Project("{2150E333-8FDC-42A3-9474-1A3956D46DE8}") = "Config", "Config", "{B7CFD524-CDE8-43AB-B08F-BFA4A0FED962}"
	ProjectSection(SolutionItems) = preProject
		Docs\Config\App.md = Docs\Config\App.md
		Docs\Config\Blog.md = Docs\Config\Blog.md
	EndProjectSection
EndProject
Project("{FAE04EC0-301F-11D3-BF4B-00C04F79EFBC}") = "Template", "Core\Template\Template.csproj", "{80B2E6DF-B5B5-45CA-9BB5-C76A696AFFC3}"
EndProject
Project("{FAE04EC0-301F-11D3-BF4B-00C04F79EFBC}") = "Goldfish.Feed", "Modules\Goldfish.Feed\Goldfish.Feed.csproj", "{98F0952E-F4AF-489C-B5EE-F6F526A71443}"
EndProject
Project("{FAE04EC0-301F-11D3-BF4B-00C04F79EFBC}") = "Goldfish.Blocks", "Modules\Goldfish.Blocks\Goldfish.Blocks.csproj", "{216F8851-B460-47CD-B3F9-B38791316EBA}"
EndProject
Project("{FAE04EC0-301F-11D3-BF4B-00C04F79EFBC}") = "Goldfish.Pages", "Modules\Goldfish.Pages\Goldfish.Pages.csproj", "{D648CACF-BDBB-47B2-982F-02C0EE083D2C}"
EndProject
Global
	GlobalSection(SolutionConfigurationPlatforms) = preSolution
		Debug|Any CPU = Debug|Any CPU
		Release|Any CPU = Release|Any CPU
	EndGlobalSection
	GlobalSection(ProjectConfigurationPlatforms) = postSolution
		{0759226A-DD1B-451C-9D94-33AF626F4279}.Debug|Any CPU.ActiveCfg = Debug|Any CPU
		{0759226A-DD1B-451C-9D94-33AF626F4279}.Debug|Any CPU.Build.0 = Debug|Any CPU
		{0759226A-DD1B-451C-9D94-33AF626F4279}.Release|Any CPU.ActiveCfg = Release|Any CPU
		{0759226A-DD1B-451C-9D94-33AF626F4279}.Release|Any CPU.Build.0 = Release|Any CPU
		{BFA00318-9F5A-4855-BBC9-58DBA066314E}.Debug|Any CPU.ActiveCfg = Debug|Any CPU
		{BFA00318-9F5A-4855-BBC9-58DBA066314E}.Debug|Any CPU.Build.0 = Debug|Any CPU
		{BFA00318-9F5A-4855-BBC9-58DBA066314E}.Release|Any CPU.ActiveCfg = Release|Any CPU
		{BFA00318-9F5A-4855-BBC9-58DBA066314E}.Release|Any CPU.Build.0 = Release|Any CPU
		{CC2547CC-E0C6-4D3C-B747-B0349BEB2E87}.Debug|Any CPU.ActiveCfg = Debug|Any CPU
		{CC2547CC-E0C6-4D3C-B747-B0349BEB2E87}.Debug|Any CPU.Build.0 = Debug|Any CPU
		{CC2547CC-E0C6-4D3C-B747-B0349BEB2E87}.Release|Any CPU.ActiveCfg = Release|Any CPU
		{CC2547CC-E0C6-4D3C-B747-B0349BEB2E87}.Release|Any CPU.Build.0 = Release|Any CPU
		{80B2E6DF-B5B5-45CA-9BB5-C76A696AFFC3}.Debug|Any CPU.ActiveCfg = Debug|Any CPU
		{80B2E6DF-B5B5-45CA-9BB5-C76A696AFFC3}.Debug|Any CPU.Build.0 = Debug|Any CPU
		{80B2E6DF-B5B5-45CA-9BB5-C76A696AFFC3}.Release|Any CPU.ActiveCfg = Release|Any CPU
		{80B2E6DF-B5B5-45CA-9BB5-C76A696AFFC3}.Release|Any CPU.Build.0 = Release|Any CPU
		{98F0952E-F4AF-489C-B5EE-F6F526A71443}.Debug|Any CPU.ActiveCfg = Debug|Any CPU
		{98F0952E-F4AF-489C-B5EE-F6F526A71443}.Debug|Any CPU.Build.0 = Debug|Any CPU
		{98F0952E-F4AF-489C-B5EE-F6F526A71443}.Release|Any CPU.ActiveCfg = Release|Any CPU
		{98F0952E-F4AF-489C-B5EE-F6F526A71443}.Release|Any CPU.Build.0 = Release|Any CPU
		{216F8851-B460-47CD-B3F9-B38791316EBA}.Debug|Any CPU.ActiveCfg = Debug|Any CPU
		{216F8851-B460-47CD-B3F9-B38791316EBA}.Debug|Any CPU.Build.0 = Debug|Any CPU
		{216F8851-B460-47CD-B3F9-B38791316EBA}.Release|Any CPU.ActiveCfg = Release|Any CPU
		{216F8851-B460-47CD-B3F9-B38791316EBA}.Release|Any CPU.Build.0 = Release|Any CPU
		{D648CACF-BDBB-47B2-982F-02C0EE083D2C}.Debug|Any CPU.ActiveCfg = Debug|Any CPU
		{D648CACF-BDBB-47B2-982F-02C0EE083D2C}.Debug|Any CPU.Build.0 = Debug|Any CPU
		{D648CACF-BDBB-47B2-982F-02C0EE083D2C}.Release|Any CPU.ActiveCfg = Release|Any CPU
		{D648CACF-BDBB-47B2-982F-02C0EE083D2C}.Release|Any CPU.Build.0 = Release|Any CPU
	EndGlobalSection
	GlobalSection(SolutionProperties) = preSolution
		HideSolutionNode = FALSE
	EndGlobalSection
	GlobalSection(NestedProjects) = preSolution
		{0759226A-DD1B-451C-9D94-33AF626F4279} = {8F0CE610-83FE-4953-A147-1DAB7B8D0FC2}
		{BFA00318-9F5A-4855-BBC9-58DBA066314E} = {8F0CE610-83FE-4953-A147-1DAB7B8D0FC2}
		{80B2E6DF-B5B5-45CA-9BB5-C76A696AFFC3} = {8F0CE610-83FE-4953-A147-1DAB7B8D0FC2}
		{CC2547CC-E0C6-4D3C-B747-B0349BEB2E87} = {7EB19B6B-C598-4A7D-8DB1-65DA9F07D985}
		{98F0952E-F4AF-489C-B5EE-F6F526A71443} = {7EB19B6B-C598-4A7D-8DB1-65DA9F07D985}
		{216F8851-B460-47CD-B3F9-B38791316EBA} = {7EB19B6B-C598-4A7D-8DB1-65DA9F07D985}
		{D648CACF-BDBB-47B2-982F-02C0EE083D2C} = {7EB19B6B-C598-4A7D-8DB1-65DA9F07D985}
		{24B573C7-AAFB-474E-A150-673E1ABAB3B9} = {EC396DD9-F568-4A68-987D-E4BA17FE1B19}
		{6CEA8D27-22A1-40FF-AE37-528C0073E1C2} = {EC396DD9-F568-4A68-987D-E4BA17FE1B19}
		{B7CFD524-CDE8-43AB-B08F-BFA4A0FED962} = {EC396DD9-F568-4A68-987D-E4BA17FE1B19}
	EndGlobalSection
EndGlobal
